github.com/korylprince/go-cpio-odc v0.9.3 h1:MGpo1PcJN2ajysEoAhF34zR/Peevo4N+T+OmhDLIUvk=
github.com/korylprince/go-cpio-odc v0.9.3/go.mod h1:1iHsjUXO64Hui0YsubGp0Tm/Uf04Iow2iy+1LJIarMw=
github.com/korylprince/goxar v0.0.0-20211111233330-e9f257bcdf25 h1:XVf+U+WekiGPPD27w7qI+0Pe8NehaTWPqRuO3BddefY=
github.com/korylprince/goxar v0.0.0-20211111233330-e9f257bcdf25/go.mod h1:Lm6kfGMVHcpiBP6oOZd3ugv2EpQ/dOyW02tVIa3qo2Q=
golang.org/x/crypto v0.0.0-20211108221036-ceb1ce70b4fa h1:idItI2DDfCokpg0N51B2VtiLdJ4vAuXC9fnCb2gACo4=
golang.org/x/crypto v0.0.0-20211108221036-ceb1ce70b4fa/go.mod h1:GvvjBRRGRdwPK5ydBHafDWAxML/pGHZbMvKqRZ5+Abc=
golang.org/x/net v0.0.0-20210226172049-e18ecbb05110/go.mod h1:m0MpNAwzfU5UDzcl9v0D8zg8gWTRqZa9RBIspLL5mdg=
golang.org/x/sys v0.0.0-20201119102817-f84b799fce68/go.mod h1:h1NjWce9XRLGQEsW7wpKNCjG9DtNlClVuFLEZdDNbEs=
golang.org/x/sys v0.0.0-20210615035016-665e8c7367d1/go.mod h1:oPkhp1MJrh7nUepCBck5+mAzfO9JrbApNNgaTdGDITg=
golang.org/x/term v0.0.0-20201126162022-7de9c90e9dd1/go.mod h1:bj7SfCRtBDWHUb9snDiAeCFNEtKQo2Wmx5Cou7ajbmo=
golang.org/x/text v0.3.3/go.mod h1:5Zoc/QRtKVWzQhOtBMvqHzDpF6irO9z98xDceosuGiQ=
golang.org/x/tools v0.0.0-20180917221912-90fa682c2a6e/go.mod h1:n7NCudcB/nEzxVGmLbDWY5pfWTLqBcC2KZ6jyYvM4mQ=
